
Microsoft Visual Studio Solution File, Format Version 12.00
# Visual Studio Version 17
VisualStudioVersion = 17.0.31612.314
MinimumVisualStudioVersion = 10.0.40219.1
Project("{FAE04EC0-301F-11D3-BF4B-00C04F79EFBC}") = "VSIX17", "VSIX17\VSIX17.csproj", "{8B2B75E0-4653-4CC9-A12A-C2DE6E4FFF32}"
EndProject
Global
	GlobalSection(SolutionConfigurationPlatforms) = preSolution
		Debug|Any CPU = Debug|Any CPU
		Debug|x86 = Debug|x86
		Release|Any CPU = Release|Any CPU
		Release|x86 = Release|x86
	EndGlobalSection
	GlobalSection(ProjectConfigurationPlatforms) = postSolution
		{8B2B75E0-4653-4CC9-A12A-C2DE6E4FFF32}.Debug|Any CPU.ActiveCfg = Debug|Any CPU
		{8B2B75E0-4653-4CC9-A12A-C2DE6E4FFF32}.Debug|Any CPU.Build.0 = Debug|Any CPU
		{8B2B75E0-4653-4CC9-A12A-C2DE6E4FFF32}.Debug|x86.ActiveCfg = Debug|x86
		{8B2B75E0-4653-4CC9-A12A-C2DE6E4FFF32}.Debug|x86.Build.0 = Debug|x86
		{8B2B75E0-4653-4CC9-A12A-C2DE6E4FFF32}.Release|Any CPU.ActiveCfg = Release|Any CPU
		{8B2B75E0-4653-4CC9-A12A-C2DE6E4FFF32}.Release|Any CPU.Build.0 = Release|Any CPU
		{8B2B75E0-4653-4CC9-A12A-C2DE6E4FFF32}.Release|x86.ActiveCfg = Release|x86
		{8B2B75E0-4653-4CC9-A12A-C2DE6E4FFF32}.Release|x86.Build.0 = Release|x86
	EndGlobalSection
	GlobalSection(SolutionProperties) = preSolution
		HideSolutionNode = FALSE
	EndGlobalSection
	GlobalSection(ExtensibilityGlobals) = postSolution
		SolutionGuid = {D570BDA8-E282-4AAA-9AFB-2A4CC8E42C11}
	EndGlobalSection
EndGlobal
