
Microsoft Visual Studio Solution File, Format Version 12.00
# Visual Studio Version 17
VisualStudioVersion = 17.0.31612.314
MinimumVisualStudioVersion = 10.0.40219.1
Project("{FAE04EC0-301F-11D3-BF4B-00C04F79EFBC}") = "VSIX19", "VSIX19\VSIX19.csproj", "{47714FA6-816A-4185-A53A-39E22DE29617}"
EndProject
Global
	GlobalSection(SolutionConfigurationPlatforms) = preSolution
		Debug|Any CPU = Debug|Any CPU
		Debug|x86 = Debug|x86
		Release|Any CPU = Release|Any CPU
		Release|x86 = Release|x86
	EndGlobalSection
	GlobalSection(ProjectConfigurationPlatforms) = postSolution
		{47714FA6-816A-4185-A53A-39E22DE29617}.Debug|Any CPU.ActiveCfg = Debug|Any CPU
		{47714FA6-816A-4185-A53A-39E22DE29617}.Debug|Any CPU.Build.0 = Debug|Any CPU
		{47714FA6-816A-4185-A53A-39E22DE29617}.Debug|x86.ActiveCfg = Debug|x86
		{47714FA6-816A-4185-A53A-39E22DE29617}.Debug|x86.Build.0 = Debug|x86
		{47714FA6-816A-4185-A53A-39E22DE29617}.Release|Any CPU.ActiveCfg = Release|Any CPU
		{47714FA6-816A-4185-A53A-39E22DE29617}.Release|Any CPU.Build.0 = Release|Any CPU
		{47714FA6-816A-4185-A53A-39E22DE29617}.Release|x86.ActiveCfg = Release|x86
		{47714FA6-816A-4185-A53A-39E22DE29617}.Release|x86.Build.0 = Release|x86
	EndGlobalSection
	GlobalSection(SolutionProperties) = preSolution
		HideSolutionNode = FALSE
	EndGlobalSection
	GlobalSection(ExtensibilityGlobals) = postSolution
		SolutionGuid = {3A6176C2-8EBB-40EC-8E45-5AC538F7F120}
	EndGlobalSection
EndGlobal
