
Microsoft Visual Studio Solution File, Format Version 12.00
# Visual Studio Version 17
VisualStudioVersion = 17.1.31911.260
MinimumVisualStudioVersion = 10.0.40219.1
Project("{FAE04EC0-301F-11D3-BF4B-00C04F79EFBC}") = "VSIX49", "VSIX49\VSIX49.csproj", "{205B8D26-B0C7-4D81-8044-3E9D29109C6F}"
EndProject
Global
	GlobalSection(SolutionConfigurationPlatforms) = preSolution
		Debug|Any CPU = Debug|Any CPU
		Debug|x86 = Debug|x86
		Release|Any CPU = Release|Any CPU
		Release|x86 = Release|x86
	EndGlobalSection
	GlobalSection(ProjectConfigurationPlatforms) = postSolution
		{205B8D26-B0C7-4D81-8044-3E9D29109C6F}.Debug|Any CPU.ActiveCfg = Debug|Any CPU
		{205B8D26-B0C7-4D81-8044-3E9D29109C6F}.Debug|Any CPU.Build.0 = Debug|Any CPU
		{205B8D26-B0C7-4D81-8044-3E9D29109C6F}.Debug|x86.ActiveCfg = Debug|x86
		{205B8D26-B0C7-4D81-8044-3E9D29109C6F}.Debug|x86.Build.0 = Debug|x86
		{205B8D26-B0C7-4D81-8044-3E9D29109C6F}.Release|Any CPU.ActiveCfg = Release|Any CPU
		{205B8D26-B0C7-4D81-8044-3E9D29109C6F}.Release|Any CPU.Build.0 = Release|Any CPU
		{205B8D26-B0C7-4D81-8044-3E9D29109C6F}.Release|x86.ActiveCfg = Release|x86
		{205B8D26-B0C7-4D81-8044-3E9D29109C6F}.Release|x86.Build.0 = Release|x86
	EndGlobalSection
	GlobalSection(SolutionProperties) = preSolution
		HideSolutionNode = FALSE
	EndGlobalSection
	GlobalSection(ExtensibilityGlobals) = postSolution
		SolutionGuid = {54C64FB9-742A-4E10-8FF0-1388EE82E34A}
	EndGlobalSection
EndGlobal
