
Microsoft Visual Studio Solution File, Format Version 12.00
# Visual Studio Version 17
VisualStudioVersion = 17.0.31612.314
MinimumVisualStudioVersion = 10.0.40219.1
Project("{FAE04EC0-301F-11D3-BF4B-00C04F79EFBC}") = "VSIX01A", "VSIX01A\VSIX01A.csproj", "{62267D09-1FD0-40D6-B877-ED6ECF45C936}"
EndProject
Global
	GlobalSection(SolutionConfigurationPlatforms) = preSolution
		Debug|Any CPU = Debug|Any CPU
		Release|Any CPU = Release|Any CPU
	EndGlobalSection
	GlobalSection(ProjectConfigurationPlatforms) = postSolution
		{62267D09-1FD0-40D6-B877-ED6ECF45C936}.Debug|Any CPU.ActiveCfg = Debug|Any CPU
		{62267D09-1FD0-40D6-B877-ED6ECF45C936}.Debug|Any CPU.Build.0 = Debug|Any CPU
		{62267D09-1FD0-40D6-B877-ED6ECF45C936}.Release|Any CPU.ActiveCfg = Release|Any CPU
		{62267D09-1FD0-40D6-B877-ED6ECF45C936}.Release|Any CPU.Build.0 = Release|Any CPU
	EndGlobalSection
	GlobalSection(SolutionProperties) = preSolution
		HideSolutionNode = FALSE
	EndGlobalSection
	GlobalSection(ExtensibilityGlobals) = postSolution
		SolutionGuid = {DD1E2A7F-196F-440C-8ECA-01F055C7CF76}
	EndGlobalSection
EndGlobal
