
Microsoft Visual Studio Solution File, Format Version 12.00
# Visual Studio Version 17
VisualStudioVersion = 17.0.31612.314
MinimumVisualStudioVersion = 10.0.40219.1
Project("{FAE04EC0-301F-11D3-BF4B-00C04F79EFBC}") = "VSIX11A", "VSIX11A\VSIX11A.csproj", "{BCE020FB-8291-4C70-9172-F0331BA44E85}"
EndProject
Global
	GlobalSection(SolutionConfigurationPlatforms) = preSolution
		Debug|Any CPU = Debug|Any CPU
		Debug|x86 = Debug|x86
		Release|Any CPU = Release|Any CPU
		Release|x86 = Release|x86
	EndGlobalSection
	GlobalSection(ProjectConfigurationPlatforms) = postSolution
		{BCE020FB-8291-4C70-9172-F0331BA44E85}.Debug|Any CPU.ActiveCfg = Debug|Any CPU
		{BCE020FB-8291-4C70-9172-F0331BA44E85}.Debug|Any CPU.Build.0 = Debug|Any CPU
		{BCE020FB-8291-4C70-9172-F0331BA44E85}.Debug|x86.ActiveCfg = Debug|x86
		{BCE020FB-8291-4C70-9172-F0331BA44E85}.Debug|x86.Build.0 = Debug|x86
		{BCE020FB-8291-4C70-9172-F0331BA44E85}.Release|Any CPU.ActiveCfg = Release|Any CPU
		{BCE020FB-8291-4C70-9172-F0331BA44E85}.Release|Any CPU.Build.0 = Release|Any CPU
		{BCE020FB-8291-4C70-9172-F0331BA44E85}.Release|x86.ActiveCfg = Release|x86
		{BCE020FB-8291-4C70-9172-F0331BA44E85}.Release|x86.Build.0 = Release|x86
	EndGlobalSection
	GlobalSection(SolutionProperties) = preSolution
		HideSolutionNode = FALSE
	EndGlobalSection
	GlobalSection(ExtensibilityGlobals) = postSolution
		SolutionGuid = {9A656504-DC9F-46AD-A6C5-1067265D0902}
	EndGlobalSection
EndGlobal
